
Microsoft Visual Studio Solution File, Format Version 12.00
# Visual Studio Version 16
VisualStudioVersion = 16.0.31112.23
MinimumVisualStudioVersion = 10.0.40219.1
Project("{FAE04EC0-301F-11D3-BF4B-00C04F79EFBC}") = "SEA.DependencyInjection", "SEA.DependencyInjection\SEA.DependencyInjection.csproj", "{DA5984A4-60C7-4099-967B-4E07E78BBEFB}"
EndProject
Global
	GlobalSection(SolutionConfigurationPlatforms) = preSolution
		Debug|Any CPU = Debug|Any CPU
		Release|Any CPU = Release|Any CPU
	EndGlobalSection
	GlobalSection(ProjectConfigurationPlatforms) = postSolution
		{DA5984A4-60C7-4099-967B-4E07E78BBEFB}.Debug|Any CPU.ActiveCfg = Debug|Any CPU
		{DA5984A4-60C7-4099-967B-4E07E78BBEFB}.Debug|Any CPU.Build.0 = Debug|Any CPU
		{DA5984A4-60C7-4099-967B-4E07E78BBEFB}.Release|Any CPU.ActiveCfg = Release|Any CPU
		{DA5984A4-60C7-4099-967B-4E07E78BBEFB}.Release|Any CPU.Build.0 = Release|Any CPU
	EndGlobalSection
	GlobalSection(SolutionProperties) = preSolution
		HideSolutionNode = FALSE
	EndGlobalSection
	GlobalSection(ExtensibilityGlobals) = postSolution
		SolutionGuid = {5833ED82-68F9-489D-9AA1-FB630A27CAB3}
	EndGlobalSection
EndGlobal
